PODS:
  - Alamofire (4.9.0)
  - markymark (9.2.0)

DEPENDENCIES:
  - Alamofire
  - markymark

SPEC REPOS:
  https://github.com/cocoapods/specs.git:
    - Alamofire
    - markymark

SPEC CHECKSUMS:
  Alamofire: afc3e7c6db61476cb45cdd23fed06bad03bbc321
  markymark: 0980e2aa96568eb1f4d1f2cdd523c9e6201264fb

PODFILE CHECKSUM: 6d47d7ca283610544a7e12a0236987849f91eb76

COCOAPODS: 1.7.2
